// !$*UTF8*$!
{
	archiveVersion = 1;
	classes = {
	};
	objectVersion = 55;
	objects = {

/* Begin PBXBuildFile section */
		0B0CEA1B26F3DCEBB156773A /* Pods_ExpenseTracker.framework in Frameworks */ = {isa = PBXBuildFile; fileRef = E593EA4A9BB8660B44FF0DAA /* Pods_ExpenseTracker.framework */; };
		9E01C2BC2896DC2E00337A37 /* ScannedImageView.swift in Sources */ = {isa = PBXBuildFile; fileRef = 9E01C2BB2896DC2E00337A37 /* ScannedImageView.swift */; };
		9E187D2E2892FF3D00142000 /* ExpenseTrackerApp.swift in Sources */ = {isa = PBXBuildFile; fileRef = 9E187D2D2892FF3D00142000 /* ExpenseTrackerApp.swift */; };
		9E187D322892FF3E00142000 /* Assets.xcassets in Resources */ = {isa = PBXBuildFile; fileRef = 9E187D312892FF3E00142000 /* Assets.xcassets */; };
		9E187D352892FF3E00142000 /* Preview Assets.xcassets in Resources */ = {isa = PBXBuildFile; fileRef = 9E187D342892FF3E00142000 /* Preview Assets.xcassets */; };
		9E187D3D2893010900142000 /* ExpenseContainer.xcdatamodeld in Sources */ = {isa = PBXBuildFile; fileRef = 9E187D3B2893010900142000 /* ExpenseContainer.xcdatamodeld */; };
		9E187D3F2893055000142000 /* View+Extensions.swift in Sources */ = {isa = PBXBuildFile; fileRef = 9E187D3E2893055000142000 /* View+Extensions.swift */; };
		9E187D412893115A00142000 /* CoreDataManager.swift in Sources */ = {isa = PBXBuildFile; fileRef = 9E187D402893115A00142000 /* CoreDataManager.swift */; };
		9E187D4328936A0E00142000 /* AddExpenseView.swift in Sources */ = {isa = PBXBuildFile; fileRef = 9E187D4228936A0E00142000 /* AddExpenseView.swift */; };
		9E187D4528936D8600142000 /* DocumentScanner.swift in Sources */ = {isa = PBXBuildFile; fileRef = 9E187D4428936D8600142000 /* DocumentScanner.swift */; };
		9E1E3D292894687B004FE485 /* Date+Extension.swift in Sources */ = {isa = PBXBuildFile; fileRef = 9E1E3D282894687B004FE485 /* Date+Extension.swift */; };
		9E2129F628C672BD00D50C38 /* CategoriesViewModel.swift in Sources */ = {isa = PBXBuildFile; fileRef = 9E2129F528C672BD00D50C38 /* CategoriesViewModel.swift */; };
		9E2129F828C7B21400D50C38 /* AddExpenseViewModel.swift in Sources */ = {isa = PBXBuildFile; fileRef = 9E2129F728C7B21400D50C38 /* AddExpenseViewModel.swift */; };
		9E2129FA28C7B88000D50C38 /* Binding+Ext.swift in Sources */ = {isa = PBXBuildFile; fileRef = 9E2129F928C7B88000D50C38 /* Binding+Ext.swift */; };
		9E2129FC28C7BA2400D50C38 /* DetailExpenseViewModel.swift in Sources */ = {isa = PBXBuildFile; fileRef = 9E2129FB28C7BA2400D50C38 /* DetailExpenseViewModel.swift */; };
		9E2129FE28C7C0C800D50C38 /* NewVendorSheet.swift in Sources */ = {isa = PBXBuildFile; fileRef = 9E2129FD28C7C0C800D50C38 /* NewVendorSheet.swift */; };
		9E212A0028C7C11700D50C38 /* NewVendorSheetViewModel.swift in Sources */ = {isa = PBXBuildFile; fileRef = 9E2129FF28C7C11700D50C38 /* NewVendorSheetViewModel.swift */; };
		9E212A0228C8176000D50C38 /* GlobalTools.swift in Sources */ = {isa = PBXBuildFile; fileRef = 9E212A0128C8176000D50C38 /* GlobalTools.swift */; };
		9E34DE3928AEADF500235442 /* UIApplication+Ext.swift in Sources */ = {isa = PBXBuildFile; fileRef = 9E34DE3828AEADF500235442 /* UIApplication+Ext.swift */; };
		9E34DE3B28AEB3E500235442 /* CategoryListView.swift in Sources */ = {isa = PBXBuildFile; fileRef = 9E34DE3A28AEB3E500235442 /* CategoryListView.swift */; };
		9E34DE3D28AEB3F500235442 /* VendorListView.swift in Sources */ = {isa = PBXBuildFile; fileRef = 9E34DE3C28AEB3F500235442 /* VendorListView.swift */; };
		9E34DE3F28AEBE1C00235442 /* ItemList.swift in Sources */ = {isa = PBXBuildFile; fileRef = 9E34DE3E28AEBE1C00235442 /* ItemList.swift */; };
		9E34DE4128AED43400235442 /* OperatorOverload.swift in Sources */ = {isa = PBXBuildFile; fileRef = 9E34DE4028AED43400235442 /* OperatorOverload.swift */; };
		9E3D6E0728956D58008DB55D /* DetailExpenseView.swift in Sources */ = {isa = PBXBuildFile; fileRef = 9E3D6E0628956D58008DB55D /* DetailExpenseView.swift */; };
		9E57068928D16D1000A3AD57 /* AnyTransition+Ext.swift in Sources */ = {isa = PBXBuildFile; fileRef = 9E57068828D16D1000A3AD57 /* AnyTransition+Ext.swift */; };
		9E5824F328A191E000C80A73 /* Category.swift in Sources */ = {isa = PBXBuildFile; fileRef = 9E5824F228A191E000C80A73 /* Category.swift */; };
		9E5824F728A1A6EE00C80A73 /* ReportsViewModel.swift in Sources */ = {isa = PBXBuildFile; fileRef = 9E5824F628A1A6EE00C80A73 /* ReportsViewModel.swift */; };
		9E58250128A2D07D00C80A73 /* CloudKit.framework in Frameworks */ = {isa = PBXBuildFile; fileRef = 9E58250028A2D07D00C80A73 /* CloudKit.framework */; };
		9E58254628A5686600C80A73 /* Color+Ext.swift in Sources */ = {isa = PBXBuildFile; fileRef = 9E58254528A5686600C80A73 /* Color+Ext.swift */; };
		9E58254A28A57EAF00C80A73 /* TotalsManager.swift in Sources */ = {isa = PBXBuildFile; fileRef = 9E58254928A57EAF00C80A73 /* TotalsManager.swift */; };
		9E58254C28A5EEE800C80A73 /* ExpensesViewModel.swift in Sources */ = {isa = PBXBuildFile; fileRef = 9E58254B28A5EEE800C80A73 /* ExpensesViewModel.swift */; };
		9E5DBE0E28B40588007C96D7 /* ExpenseModel.swift in Sources */ = {isa = PBXBuildFile; fileRef = 9E5DBE0D28B40588007C96D7 /* ExpenseModel.swift */; };
		9E7F71D828BFDCE900B0B5E0 /* VendorEntity+CoreDataClass.swift in Sources */ = {isa = PBXBuildFile; fileRef = 9E7F71D728BFDCE900B0B5E0 /* VendorEntity+CoreDataClass.swift */; };
		9E7F71D928BFDCE900B0B5E0 /* VendorEntity+CoreDataProperties.swift in Sources */ = {isa = PBXBuildFile; fileRef = 9E7F71D228BFDCE900B0B5E0 /* VendorEntity+CoreDataProperties.swift */; };
		9E7F71DC28BFDCE900B0B5E0 /* ExpenseEntity+CoreDataClass.swift in Sources */ = {isa = PBXBuildFile; fileRef = 9E7F71D628BFDCE900B0B5E0 /* ExpenseEntity+CoreDataClass.swift */; };
		9E7F71DD28BFDCE900B0B5E0 /* ExpenseEntity+CoreDataProperties.swift in Sources */ = {isa = PBXBuildFile; fileRef = 9E7F71D528BFDCE900B0B5E0 /* ExpenseEntity+CoreDataProperties.swift */; };
		9E7F71DF28BFE7D900B0B5E0 /* VendorModel.swift in Sources */ = {isa = PBXBuildFile; fileRef = 9E7F71DE28BFE7D900B0B5E0 /* VendorModel.swift */; };
		9E8E1F262893762E00300E14 /* RecentExpenseCardView.swift in Sources */ = {isa = PBXBuildFile; fileRef = 9E8E1F252893762E00300E14 /* RecentExpenseCardView.swift */; };
		9E8E1F2D289380A300300E14 /* HomeView.swift in Sources */ = {isa = PBXBuildFile; fileRef = 9E8E1F2C289380A300300E14 /* HomeView.swift */; };
		9E8E1F312894232300300E14 /* ExpensesView.swift in Sources */ = {isa = PBXBuildFile; fileRef = 9E8E1F302894232300300E14 /* ExpensesView.swift */; };
		9E8E1F332894232A00300E14 /* ReportsView.swift in Sources */ = {isa = PBXBuildFile; fileRef = 9E8E1F322894232A00300E14 /* ReportsView.swift */; };
		9E8E1F362894233B00300E14 /* SettingsView.swift in Sources */ = {isa = PBXBuildFile; fileRef = 9E8E1F352894233B00300E14 /* SettingsView.swift */; };
		9E9B34AE2899733900408F05 /* ShareSheet.swift in Sources */ = {isa = PBXBuildFile; fileRef = 9E9B34AD2899733900408F05 /* ShareSheet.swift */; };
		9EA561D328C10CF6003B1C4B /* CategoryEntity+CoreDataProperties.swift in Sources */ = {isa = PBXBuildFile; fileRef = 9EA561D128C10CF6003B1C4B /* CategoryEntity+CoreDataProperties.swift */; };
		9EA561D428C10CF6003B1C4B /* CategoryEntity+CoreDataClass.swift in Sources */ = {isa = PBXBuildFile; fileRef = 9EA561D228C10CF6003B1C4B /* CategoryEntity+CoreDataClass.swift */; };
		9EBD37542895A09200BABDFA /* MonthlyTotalView.swift in Sources */ = {isa = PBXBuildFile; fileRef = 9EBD37532895A09200BABDFA /* MonthlyTotalView.swift */; };
		9EC58E4828C0332D003D1588 /* NewCategorySheet.swift in Sources */ = {isa = PBXBuildFile; fileRef = 9EC58E4728C0332D003D1588 /* NewCategorySheet.swift */; };
		9ED23ACD289CB99B00CAAB70 /* GenerateReportsView.swift in Sources */ = {isa = PBXBuildFile; fileRef = 9ED23ACC289CB99B00CAAB70 /* GenerateReportsView.swift */; };
		9EE1AD1328B4FD4900B494D5 /* Published+Ext.swift in Sources */ = {isa = PBXBuildFile; fileRef = 9EE1AD1228B4FD4900B494D5 /* Published+Ext.swift */; };
		9EF0BA9728C12D4500FAFBDF /* RecentSymbol.swift in Sources */ = {isa = PBXBuildFile; fileRef = 9EF0BA9628C12D4500FAFBDF /* RecentSymbol.swift */; };
		9EF0BA9928C13AAB00FAFBDF /* Enums.swift in Sources */ = {isa = PBXBuildFile; fileRef = 9EF0BA9828C13AAB00FAFBDF /* Enums.swift */; };
		9EF7456828B6F10C0058F681 /* CustomModifiers.swift in Sources */ = {isa = PBXBuildFile; fileRef = 9EF7456728B6F10C0058F681 /* CustomModifiers.swift */; };
		9EF7458D28B858C70058F681 /* TabViewScreen.swift in Sources */ = {isa = PBXBuildFile; fileRef = 9EF7458C28B858C70058F681 /* TabViewScreen.swift */; };
		9EF7E25928D3FEB700B291CF /* MonthSelectorView.swift in Sources */ = {isa = PBXBuildFile; fileRef = 9EF7E25828D3FEB700B291CF /* MonthSelectorView.swift */; };
/* End PBXBuildFile section */

/* Begin PBXFileReference section */
		80E65B3880AE0697C89A67C5 /* Pods-ExpenseTracker.debug.xcconfig */ = {isa = PBXFileReference; includeInIndex = 1; lastKnownFileType = text.xcconfig; name = "Pods-ExpenseTracker.debug.xcconfig"; path = "Target Support Files/Pods-ExpenseTracker/Pods-ExpenseTracker.debug.xcconfig"; sourceTree = "<group>"; };
		9E01C2BB2896DC2E00337A37 /* ScannedImageView.swift */ = {isa = PBXFileReference; lastKnownFileType = sourcecode.swift; path = ScannedImageView.swift; sourceTree = "<group>"; };
		9E187D2D2892FF3D00142000 /* ExpenseTrackerApp.swift */ = {isa = PBXFileReference; lastKnownFileType = sourcecode.swift; path = ExpenseTrackerApp.swift; sourceTree = "<group>"; };
		9E187D312892FF3E00142000 /* Assets.xcassets */ = {isa = PBXFileReference; lastKnownFileType = folder.assetcatalog; path = Assets.xcassets; sourceTree = "<group>"; };
		9E187D342892FF3E00142000 /* Preview Assets.xcassets */ = {isa = PBXFileReference; lastKnownFileType = folder.assetcatalog; path = "Preview Assets.xcassets"; sourceTree = "<group>"; };
		9E187D3C2893010900142000 /* ExpenseContainer.xcdatamodel */ = {isa = PBXFileReference; lastKnownFileType = wrapper.xcdatamodel; path = ExpenseContainer.xcdatamodel; sourceTree = "<group>"; };
		9E187D3E2893055000142000 /* View+Extensions.swift */ = {isa = PBXFileReference; lastKnownFileType = sourcecode.swift; path = "View+Extensions.swift"; sourceTree = "<group>"; };
		9E187D402893115A00142000 /* CoreDataManager.swift */ = {isa = PBXFileReference; lastKnownFileType = sourcecode.swift; path = CoreDataManager.swift; sourceTree = "<group>"; };
		9E187D4228936A0E00142000 /* AddExpenseView.swift */ = {isa = PBXFileReference; lastKnownFileType = sourcecode.swift; path = AddExpenseView.swift; sourceTree = "<group>"; };
		9E187D4428936D8600142000 /* DocumentScanner.swift */ = {isa = PBXFileReference; lastKnownFileType = sourcecode.swift; path = DocumentScanner.swift; sourceTree = "<group>"; };
		9E1E3D282894687B004FE485 /* Date+Extension.swift */ = {isa = PBXFileReference; lastKnownFileType = sourcecode.swift; path = "Date+Extension.swift"; sourceTree = "<group>"; };
		9E2129F528C672BD00D50C38 /* CategoriesViewModel.swift */ = {isa = PBXFileReference; lastKnownFileType = sourcecode.swift; path = CategoriesViewModel.swift; sourceTree = "<group>"; };
		9E2129F728C7B21400D50C38 /* AddExpenseViewModel.swift */ = {isa = PBXFileReference; lastKnownFileType = sourcecode.swift; path = AddExpenseViewModel.swift; sourceTree = "<group>"; };
		9E2129F928C7B88000D50C38 /* Binding+Ext.swift */ = {isa = PBXFileReference; lastKnownFileType = sourcecode.swift; path = "Binding+Ext.swift"; sourceTree = "<group>"; };
		9E2129FB28C7BA2400D50C38 /* DetailExpenseViewModel.swift */ = {isa = PBXFileReference; lastKnownFileType = sourcecode.swift; path = DetailExpenseViewModel.swift; sourceTree = "<group>"; };
		9E2129FD28C7C0C800D50C38 /* NewVendorSheet.swift */ = {isa = PBXFileReference; lastKnownFileType = sourcecode.swift; path = NewVendorSheet.swift; sourceTree = "<group>"; };
		9E2129FF28C7C11700D50C38 /* NewVendorSheetViewModel.swift */ = {isa = PBXFileReference; lastKnownFileType = sourcecode.swift; path = NewVendorSheetViewModel.swift; sourceTree = "<group>"; };
		9E212A0128C8176000D50C38 /* GlobalTools.swift */ = {isa = PBXFileReference; lastKnownFileType = sourcecode.swift; path = GlobalTools.swift; sourceTree = "<group>"; };
		9E34DE3828AEADF500235442 /* UIApplication+Ext.swift */ = {isa = PBXFileReference; lastKnownFileType = sourcecode.swift; path = "UIApplication+Ext.swift"; sourceTree = "<group>"; };
		9E34DE3A28AEB3E500235442 /* CategoryListView.swift */ = {isa = PBXFileReference; lastKnownFileType = sourcecode.swift; path = CategoryListView.swift; sourceTree = "<group>"; };
		9E34DE3C28AEB3F500235442 /* VendorListView.swift */ = {isa = PBXFileReference; lastKnownFileType = sourcecode.swift; path = VendorListView.swift; sourceTree = "<group>"; };
		9E34DE3E28AEBE1C00235442 /* ItemList.swift */ = {isa = PBXFileReference; lastKnownFileType = sourcecode.swift; path = ItemList.swift; sourceTree = "<group>"; };
		9E34DE4028AED43400235442 /* OperatorOverload.swift */ = {isa = PBXFileReference; lastKnownFileType = sourcecode.swift; path = OperatorOverload.swift; sourceTree = "<group>"; };
		9E3D6E0628956D58008DB55D /* DetailExpenseView.swift */ = {isa = PBXFileReference; lastKnownFileType = sourcecode.swift; path = DetailExpenseView.swift; sourceTree = "<group>"; };
		9E57068828D16D1000A3AD57 /* AnyTransition+Ext.swift */ = {isa = PBXFileReference; lastKnownFileType = sourcecode.swift; path = "AnyTransition+Ext.swift"; sourceTree = "<group>"; };
		9E5824F228A191E000C80A73 /* Category.swift */ = {isa = PBXFileReference; lastKnownFileType = sourcecode.swift; path = Category.swift; sourceTree = "<group>"; };
		9E5824F628A1A6EE00C80A73 /* ReportsViewModel.swift */ = {isa = PBXFileReference; lastKnownFileType = sourcecode.swift; path = ReportsViewModel.swift; sourceTree = "<group>"; };
		9E5824FF28A2D00A00C80A73 /* ExpenseTracker.entitlements */ = {isa = PBXFileReference; lastKnownFileType = text.plist.entitlements; path = ExpenseTracker.entitlements; sourceTree = "<group>"; };
		9E58250028A2D07D00C80A73 /* CloudKit.framework */ = {isa = PBXFileReference; lastKnownFileType = wrapper.framework; name = CloudKit.framework; path = System/Library/Frameworks/CloudKit.framework; sourceTree = SDKROOT; };
		9E58254428A54E2300C80A73 /* ExpenseTracker.app */ = {isa = PBXFileReference; explicitFileType = wrapper.application; includeInIndex = 0; path = ExpenseTracker.app; sourceTree = BUILT_PRODUCTS_DIR; };
		9E58254528A5686600C80A73 /* Color+Ext.swift */ = {isa = PBXFileReference; lastKnownFileType = sourcecode.swift; path = "Color+Ext.swift"; sourceTree = "<group>"; };
		9E58254928A57EAF00C80A73 /* TotalsManager.swift */ = {isa = PBXFileReference; lastKnownFileType = sourcecode.swift; path = TotalsManager.swift; sourceTree = "<group>"; };
		9E58254B28A5EEE800C80A73 /* ExpensesViewModel.swift */ = {isa = PBXFileReference; lastKnownFileType = sourcecode.swift; path = ExpensesViewModel.swift; sourceTree = "<group>"; };
		9E5DBE0D28B40588007C96D7 /* ExpenseModel.swift */ = {isa = PBXFileReference; lastKnownFileType = sourcecode.swift; path = ExpenseModel.swift; sourceTree = "<group>"; };
		9E7F71D228BFDCE900B0B5E0 /* VendorEntity+CoreDataProperties.swift */ = {isa = PBXFileReference; lastKnownFileType = sourcecode.swift; name = "VendorEntity+CoreDataProperties.swift"; path = "/Users/christopherkoski/Developer/ExpenseTracker/ExpenseTracker/CoreData/VendorEntity+CoreDataProperties.swift"; sourceTree = "<absolute>"; };
		9E7F71D528BFDCE900B0B5E0 /* ExpenseEntity+CoreDataProperties.swift */ = {isa = PBXFileReference; lastKnownFileType = sourcecode.swift; name = "ExpenseEntity+CoreDataProperties.swift"; path = "/Users/christopherkoski/Developer/ExpenseTracker/ExpenseTracker/CoreData/ExpenseEntity+CoreDataProperties.swift"; sourceTree = "<absolute>"; };
		9E7F71D628BFDCE900B0B5E0 /* ExpenseEntity+CoreDataClass.swift */ = {isa = PBXFileReference; lastKnownFileType = sourcecode.swift; name = "ExpenseEntity+CoreDataClass.swift"; path = "/Users/christopherkoski/Developer/ExpenseTracker/ExpenseTracker/CoreData/ExpenseEntity+CoreDataClass.swift"; sourceTree = "<absolute>"; };
		9E7F71D728BFDCE900B0B5E0 /* VendorEntity+CoreDataClass.swift */ = {isa = PBXFileReference; lastKnownFileType = sourcecode.swift; name = "VendorEntity+CoreDataClass.swift"; path = "/Users/christopherkoski/Developer/ExpenseTracker/ExpenseTracker/CoreData/VendorEntity+CoreDataClass.swift"; sourceTree = "<absolute>"; };
		9E7F71DE28BFE7D900B0B5E0 /* VendorModel.swift */ = {isa = PBXFileReference; lastKnownFileType = sourcecode.swift; path = VendorModel.swift; sourceTree = "<group>"; };
		9E8E1F252893762E00300E14 /* RecentExpenseCardView.swift */ = {isa = PBXFileReference; lastKnownFileType = sourcecode.swift; path = RecentExpenseCardView.swift; sourceTree = "<group>"; };
		9E8E1F2C289380A300300E14 /* HomeView.swift */ = {isa = PBXFileReference; lastKnownFileType = sourcecode.swift; path = HomeView.swift; sourceTree = "<group>"; };
		9E8E1F302894232300300E14 /* ExpensesView.swift */ = {isa = PBXFileReference; lastKnownFileType = sourcecode.swift; path = ExpensesView.swift; sourceTree = "<group>"; };
		9E8E1F322894232A00300E14 /* ReportsView.swift */ = {isa = PBXFileReference; lastKnownFileType = sourcecode.swift; path = ReportsView.swift; sourceTree = "<group>"; };
		9E8E1F352894233B00300E14 /* SettingsView.swift */ = {isa = PBXFileReference; lastKnownFileType = sourcecode.swift; path = SettingsView.swift; sourceTree = "<group>"; };
		9E8E1F3728942A2300300E14 /* Info.plist */ = {isa = PBXFileReference; lastKnownFileType = text.plist; path = Info.plist; sourceTree = "<group>"; };
		9E9B34AD2899733900408F05 /* ShareSheet.swift */ = {isa = PBXFileReference; lastKnownFileType = sourcecode.swift; path = ShareSheet.swift; sourceTree = "<group>"; };
		9EA561D128C10CF6003B1C4B /* CategoryEntity+CoreDataProperties.swift */ = {isa = PBXFileReference; lastKnownFileType = sourcecode.swift; name = "CategoryEntity+CoreDataProperties.swift"; path = "/Users/christopherkoski/Developer/ExpenseTracker/ExpenseTracker/CoreData/CategoryEntity+CoreDataProperties.swift"; sourceTree = "<absolute>"; };
		9EA561D228C10CF6003B1C4B /* CategoryEntity+CoreDataClass.swift */ = {isa = PBXFileReference; lastKnownFileType = sourcecode.swift; name = "CategoryEntity+CoreDataClass.swift"; path = "/Users/christopherkoski/Developer/ExpenseTracker/ExpenseTracker/CoreData/CategoryEntity+CoreDataClass.swift"; sourceTree = "<absolute>"; };
		9EBD37532895A09200BABDFA /* MonthlyTotalView.swift */ = {isa = PBXFileReference; lastKnownFileType = sourcecode.swift; path = MonthlyTotalView.swift; sourceTree = "<group>"; };
		9EC58E4728C0332D003D1588 /* NewCategorySheet.swift */ = {isa = PBXFileReference; lastKnownFileType = sourcecode.swift; path = NewCategorySheet.swift; sourceTree = "<group>"; };
		9ED23ACC289CB99B00CAAB70 /* GenerateReportsView.swift */ = {isa = PBXFileReference; lastKnownFileType = sourcecode.swift; path = GenerateReportsView.swift; sourceTree = "<group>"; };
		9EE1AD1228B4FD4900B494D5 /* Published+Ext.swift */ = {isa = PBXFileReference; lastKnownFileType = sourcecode.swift; path = "Published+Ext.swift"; sourceTree = "<group>"; };
		9EF0BA9628C12D4500FAFBDF /* RecentSymbol.swift */ = {isa = PBXFileReference; lastKnownFileType = sourcecode.swift; path = RecentSymbol.swift; sourceTree = "<group>"; };
		9EF0BA9828C13AAB00FAFBDF /* Enums.swift */ = {isa = PBXFileReference; lastKnownFileType = sourcecode.swift; path = Enums.swift; sourceTree = "<group>"; };
		9EF7456728B6F10C0058F681 /* CustomModifiers.swift */ = {isa = PBXFileReference; lastKnownFileType = sourcecode.swift; path = CustomModifiers.swift; sourceTree = "<group>"; };
		9EF7458C28B858C70058F681 /* TabViewScreen.swift */ = {isa = PBXFileReference; fileEncoding = 4; lastKnownFileType = sourcecode.swift; path = TabViewScreen.swift; sourceTree = "<group>"; };
		9EF7E25828D3FEB700B291CF /* MonthSelectorView.swift */ = {isa = PBXFileReference; lastKnownFileType = sourcecode.swift; path = MonthSelectorView.swift; sourceTree = "<group>"; };
		D563CD5D6A1F16FFFD396D2F /* Pods-ExpenseTracker.release.xcconfig */ = {isa = PBXFileReference; includeInIndex = 1; lastKnownFileType = text.xcconfig; name = "Pods-ExpenseTracker.release.xcconfig"; path = "Target Support Files/Pods-ExpenseTracker/Pods-ExpenseTracker.release.xcconfig"; sourceTree = "<group>"; };
		E593EA4A9BB8660B44FF0DAA /* Pods_ExpenseTracker.framework */ = {isa = PBXFileReference; explicitFileType = wrapper.framework; includeInIndex = 0; path = Pods_ExpenseTracker.framework; sourceTree = BUILT_PRODUCTS_DIR; };
/* End PBXFileReference section */

/* Begin PBXFrameworksBuildPhase section */
		9E187D272892FF3D00142000 /* Frameworks */ = {
			isa = PBXFrameworksBuildPhase;
			buildActionMask = 2147483647;
			files = (
				9E58250128A2D07D00C80A73 /* CloudKit.framework in Frameworks */,
				0B0CEA1B26F3DCEBB156773A /* Pods_ExpenseTracker.framework in Frameworks */,
			);
			runOnlyForDeploymentPostprocessing = 0;
		};
/* End PBXFrameworksBuildPhase section */

/* Begin PBXGroup section */
		2AC4BC267D6A53F5881B5BC2 /* Pods */ = {
			isa = PBXGroup;
			children = (
				80E65B3880AE0697C89A67C5 /* Pods-ExpenseTracker.debug.xcconfig */,
				D563CD5D6A1F16FFFD396D2F /* Pods-ExpenseTracker.release.xcconfig */,
			);
			path = Pods;
			sourceTree = "<group>";
		};
		9E187D212892FF3D00142000 = {
			isa = PBXGroup;
			children = (
				9E187D2C2892FF3D00142000 /* ExpenseTracker */,
				C7F47A0366323B07310DC9B5 /* Frameworks */,
				9E58254428A54E2300C80A73 /* ExpenseTracker.app */,
				2AC4BC267D6A53F5881B5BC2 /* Pods */,
			);
			sourceTree = "<group>";
		};
		9E187D2C2892FF3D00142000 /* ExpenseTracker */ = {
			isa = PBXGroup;
			children = (
				9E187D2D2892FF3D00142000 /* ExpenseTrackerApp.swift */,
				9EF7456A28B6F16D0058F681 /* Files */,
				9E7F71B928BFD34A00B0B5E0 /* CoreData */,
				9EF7458C28B858C70058F681 /* TabViewScreen.swift */,
				9EF7E24928D3F26F00B291CF /* Scenes */,
				9E8E1F292893802000300E14 /* Models */,
				9E187D4628936ED600142000 /* ReusableViews */,
				9E8E1F2128936F7F00300E14 /* Helpers */,
				9EF7456928B6F12F0058F681 /* Extensions */,
				9E187D332892FF3E00142000 /* Preview Content */,
			);
			path = ExpenseTracker;
			sourceTree = "<group>";
		};
		9E187D332892FF3E00142000 /* Preview Content */ = {
			isa = PBXGroup;
			children = (
				9E187D342892FF3E00142000 /* Preview Assets.xcassets */,
			);
			path = "Preview Content";
			sourceTree = "<group>";
		};
		9E187D4628936ED600142000 /* ReusableViews */ = {
			isa = PBXGroup;
			children = (
				9EF0BA9628C12D4500FAFBDF /* RecentSymbol.swift */,
			);
			path = ReusableViews;
			sourceTree = "<group>";
		};
		9E7F71B928BFD34A00B0B5E0 /* CoreData */ = {
			isa = PBXGroup;
			children = (
				9E187D402893115A00142000 /* CoreDataManager.swift */,
				9EA561D228C10CF6003B1C4B /* CategoryEntity+CoreDataClass.swift */,
				9EA561D128C10CF6003B1C4B /* CategoryEntity+CoreDataProperties.swift */,
				9E7F71D628BFDCE900B0B5E0 /* ExpenseEntity+CoreDataClass.swift */,
				9E7F71D528BFDCE900B0B5E0 /* ExpenseEntity+CoreDataProperties.swift */,
				9E7F71D728BFDCE900B0B5E0 /* VendorEntity+CoreDataClass.swift */,
				9E7F71D228BFDCE900B0B5E0 /* VendorEntity+CoreDataProperties.swift */,
			);
			path = CoreData;
			sourceTree = "<group>";
		};
		9E8E1F2128936F7F00300E14 /* Helpers */ = {
			isa = PBXGroup;
			children = (
				9E212A0128C8176000D50C38 /* GlobalTools.swift */,
				9EF7456728B6F10C0058F681 /* CustomModifiers.swift */,
				9E187D4428936D8600142000 /* DocumentScanner.swift */,
				9E34DE4028AED43400235442 /* OperatorOverload.swift */,
				9EF0BA9828C13AAB00FAFBDF /* Enums.swift */,
			);
			path = Helpers;
			sourceTree = "<group>";
		};
		9E8E1F292893802000300E14 /* Models */ = {
			isa = PBXGroup;
			children = (
				9E187D3B2893010900142000 /* ExpenseContainer.xcdatamodeld */,
				9E5824F228A191E000C80A73 /* Category.swift */,
				9E5DBE0D28B40588007C96D7 /* ExpenseModel.swift */,
				9E7F71DE28BFE7D900B0B5E0 /* VendorModel.swift */,
			);
			path = Models;
			sourceTree = "<group>";
		};
		9EF7456928B6F12F0058F681 /* Extensions */ = {
			isa = PBXGroup;
			children = (
				9E34DE3828AEADF500235442 /* UIApplication+Ext.swift */,
				9E58254528A5686600C80A73 /* Color+Ext.swift */,
				9EE1AD1228B4FD4900B494D5 /* Published+Ext.swift */,
				9E1E3D282894687B004FE485 /* Date+Extension.swift */,
				9E187D3E2893055000142000 /* View+Extensions.swift */,
				9E2129F928C7B88000D50C38 /* Binding+Ext.swift */,
				9E57068828D16D1000A3AD57 /* AnyTransition+Ext.swift */,
			);
			path = Extensions;
			sourceTree = "<group>";
		};
		9EF7456A28B6F16D0058F681 /* Files */ = {
			isa = PBXGroup;
			children = (
				9E187D312892FF3E00142000 /* Assets.xcassets */,
				9E5824FF28A2D00A00C80A73 /* ExpenseTracker.entitlements */,
				9E8E1F3728942A2300300E14 /* Info.plist */,
			);
			name = Files;
			sourceTree = "<group>";
		};
		9EF7E24928D3F26F00B291CF /* Scenes */ = {
			isa = PBXGroup;
			children = (
				9EF7E24A28D3F27A00B291CF /* HomeScene */,
				9EF7E24D28D3F34F00B291CF /* ExpenseListScene */,
				9EF7E25028D3F3D600B291CF /* ReportsScene */,
				9EF7E25328D3F43600B291CF /* Add+UpdateScenes */,
				9EF7E25628D3F4D800B291CF /* SettingsScene */,
			);
			path = Scenes;
			sourceTree = "<group>";
		};
		9EF7E24A28D3F27A00B291CF /* HomeScene */ = {
			isa = PBXGroup;
			children = (
				9EF7E24B28D3F2B400B291CF /* Views */,
				9EF7E24C28D3F2FC00B291CF /* ViewModels */,
			);
			path = HomeScene;
			sourceTree = "<group>";
		};
		9EF7E24B28D3F2B400B291CF /* Views */ = {
			isa = PBXGroup;
			children = (
				9E8E1F2C289380A300300E14 /* HomeView.swift */,
				9E8E1F252893762E00300E14 /* RecentExpenseCardView.swift */,
				9EBD37532895A09200BABDFA /* MonthlyTotalView.swift */,
			);
			path = Views;
			sourceTree = "<group>";
		};
		9EF7E24C28D3F2FC00B291CF /* ViewModels */ = {
			isa = PBXGroup;
			children = (
				9E58254928A57EAF00C80A73 /* TotalsManager.swift */,
			);
			path = ViewModels;
			sourceTree = "<group>";
		};
		9EF7E24D28D3F34F00B291CF /* ExpenseListScene */ = {
			isa = PBXGroup;
			children = (
				9EF7E24E28D3F39200B291CF /* Views */,
				9EF7E24F28D3F39700B291CF /* ViewModels */,
			);
			path = ExpenseListScene;
			sourceTree = "<group>";
		};
		9EF7E24E28D3F39200B291CF /* Views */ = {
			isa = PBXGroup;
			children = (
				9E8E1F302894232300300E14 /* ExpensesView.swift */,
				9EF7E25828D3FEB700B291CF /* MonthSelectorView.swift */,
				9E01C2BB2896DC2E00337A37 /* ScannedImageView.swift */,
				9E34DE3E28AEBE1C00235442 /* ItemList.swift */,
			);
			path = Views;
			sourceTree = "<group>";
		};
		9EF7E24F28D3F39700B291CF /* ViewModels */ = {
			isa = PBXGroup;
			children = (
				9E58254B28A5EEE800C80A73 /* ExpensesViewModel.swift */,
			);
			path = ViewModels;
			sourceTree = "<group>";
		};
		9EF7E25028D3F3D600B291CF /* ReportsScene */ = {
			isa = PBXGroup;
			children = (
				9EF7E25228D3F3F200B291CF /* Views */,
				9EF7E25128D3F3EB00B291CF /* ViewModels */,
			);
			path = ReportsScene;
			sourceTree = "<group>";
		};
		9EF7E25128D3F3EB00B291CF /* ViewModels */ = {
			isa = PBXGroup;
			children = (
				9E5824F628A1A6EE00C80A73 /* ReportsViewModel.swift */,
				9E9B34AD2899733900408F05 /* ShareSheet.swift */,
			);
			path = ViewModels;
			sourceTree = "<group>";
		};
		9EF7E25228D3F3F200B291CF /* Views */ = {
			isa = PBXGroup;
			children = (
				9ED23ACC289CB99B00CAAB70 /* GenerateReportsView.swift */,
				9E8E1F322894232A00300E14 /* ReportsView.swift */,
			);
			path = Views;
			sourceTree = "<group>";
		};
		9EF7E25328D3F43600B291CF /* Add+UpdateScenes */ = {
			isa = PBXGroup;
			children = (
				9EF7E25528D3F48200B291CF /* Views */,
				9EF7E25428D3F47D00B291CF /* ViewModels */,
			);
			path = "Add+UpdateScenes";
			sourceTree = "<group>";
		};
		9EF7E25428D3F47D00B291CF /* ViewModels */ = {
			isa = PBXGroup;
			children = (
				9E2129F728C7B21400D50C38 /* AddExpenseViewModel.swift */,
				9E2129F528C672BD00D50C38 /* CategoriesViewModel.swift */,
				9E2129FB28C7BA2400D50C38 /* DetailExpenseViewModel.swift */,
				9E2129FF28C7C11700D50C38 /* NewVendorSheetViewModel.swift */,
			);
			path = ViewModels;
			sourceTree = "<group>";
		};
		9EF7E25528D3F48200B291CF /* Views */ = {
			isa = PBXGroup;
			children = (
				9E187D4228936A0E00142000 /* AddExpenseView.swift */,
				9E3D6E0628956D58008DB55D /* DetailExpenseView.swift */,
				9E34DE3C28AEB3F500235442 /* VendorListView.swift */,
				9E34DE3A28AEB3E500235442 /* CategoryListView.swift */,
				9EC58E4728C0332D003D1588 /* NewCategorySheet.swift */,
				9E2129FD28C7C0C800D50C38 /* NewVendorSheet.swift */,
			);
			path = Views;
			sourceTree = "<group>";
		};
		9EF7E25628D3F4D800B291CF /* SettingsScene */ = {
			isa = PBXGroup;
			children = (
				9EF7E25728D3F4E200B291CF /* Views */,
			);
			path = SettingsScene;
			sourceTree = "<group>";
		};
		9EF7E25728D3F4E200B291CF /* Views */ = {
			isa = PBXGroup;
			children = (
				9E8E1F352894233B00300E14 /* SettingsView.swift */,
			);
			path = Views;
			sourceTree = "<group>";
		};
		C7F47A0366323B07310DC9B5 /* Frameworks */ = {
			isa = PBXGroup;
			children = (
				9E58250028A2D07D00C80A73 /* CloudKit.framework */,
				E593EA4A9BB8660B44FF0DAA /* Pods_ExpenseTracker.framework */,
			);
			name = Frameworks;
			sourceTree = "<group>";
		};
/* End PBXGroup section */

/* Begin PBXNativeTarget section */
		9E187D292892FF3D00142000 /* ExpenseTracker */ = {
			isa = PBXNativeTarget;
			buildConfigurationList = 9E187D382892FF3E00142000 /* Build configuration list for PBXNativeTarget "ExpenseTracker" */;
			buildPhases = (
				9558E52030051E6B68BDC22C /* [CP] Check Pods Manifest.lock */,
				9E187D262892FF3D00142000 /* Sources */,
				9E187D272892FF3D00142000 /* Frameworks */,
				9E187D282892FF3D00142000 /* Resources */,
			);
			buildRules = (
			);
			dependencies = (
			);
			name = ExpenseTracker;
			productName = ExpenseTracker;
			productReference = 9E58254428A54E2300C80A73 /* ExpenseTracker.app */;
			productType = "com.apple.product-type.application";
		};
/* End PBXNativeTarget section */

/* Begin PBXProject section */
		9E187D222892FF3D00142000 /* Project object */ = {
			isa = PBXProject;
			attributes = {
				BuildIndependentTargetsInParallel = 1;
				LastSwiftUpdateCheck = 1340;
				LastUpgradeCheck = 1340;
				TargetAttributes = {
					9E187D292892FF3D00142000 = {
						CreatedOnToolsVersion = 13.4.1;
					};
				};
			};
			buildConfigurationList = 9E187D252892FF3D00142000 /* Build configuration list for PBXProject "ExpenseTracker" */;
			compatibilityVersion = "Xcode 13.0";
			developmentRegion = en;
			hasScannedForEncodings = 0;
			knownRegions = (
				en,
				Base,
			);
			mainGroup = 9E187D212892FF3D00142000;
			productRefGroup = 9E187D212892FF3D00142000;
			projectDirPath = "";
			projectRoot = "";
			targets = (
				9E187D292892FF3D00142000 /* ExpenseTracker */,
			);
		};
/* End PBXProject section */

/* Begin PBXResourcesBuildPhase section */
		9E187D282892FF3D00142000 /* Resources */ = {
			isa = PBXResourcesBuildPhase;
			buildActionMask = 2147483647;
			files = (
				9E187D352892FF3E00142000 /* Preview Assets.xcassets in Resources */,
				9E187D322892FF3E00142000 /* Assets.xcassets in Resources */,
			);
			runOnlyForDeploymentPostprocessing = 0;
		};
/* End PBXResourcesBuildPhase section */

/* Begin PBXShellScriptBuildPhase section */
		9558E52030051E6B68BDC22C /* [CP] Check Pods Manifest.lock */ = {
			isa = PBXShellScriptBuildPhase;
			buildActionMask = 2147483647;
			files = (
			);
			inputFileListPaths = (
			);
			inputPaths = (
				"${PODS_PODFILE_DIR_PATH}/Podfile.lock",
				"${PODS_ROOT}/Manifest.lock",
			);
			name = "[CP] Check Pods Manifest.lock";
			outputFileListPaths = (
			);
			outputPaths = (
				"$(DERIVED_FILE_DIR)/Pods-ExpenseTracker-checkManifestLockResult.txt",
			);
			runOnlyForDeploymentPostprocessing = 0;
			shellPath = /bin/sh;
			shellScript = "diff \"${PODS_PODFILE_DIR_PATH}/Podfile.lock\" \"${PODS_ROOT}/Manifest.lock\" > /dev/null\nif [ $? != 0 ] ; then\n    # print error to STDERR\n    echo \"error: The sandbox is not in sync with the Podfile.lock. Run 'pod install' or update your CocoaPods installation.\" >&2\n    exit 1\nfi\n# This output is used by Xcode 'outputs' to avoid re-running this script phase.\necho \"SUCCESS\" > \"${SCRIPT_OUTPUT_FILE_0}\"\n";
			showEnvVarsInLog = 0;
		};
/* End PBXShellScriptBuildPhase section */

/* Begin PBXSourcesBuildPhase section */
		9E187D262892FF3D00142000 /* Sources */ = {
			isa = PBXSourcesBuildPhase;
			buildActionMask = 2147483647;
			files = (
				9EF0BA9928C13AAB00FAFBDF /* Enums.swift in Sources */,
				9EA561D328C10CF6003B1C4B /* CategoryEntity+CoreDataProperties.swift in Sources */,
				9E7F71D928BFDCE900B0B5E0 /* VendorEntity+CoreDataProperties.swift in Sources */,
				9E187D412893115A00142000 /* CoreDataManager.swift in Sources */,
				9E8E1F332894232A00300E14 /* ReportsView.swift in Sources */,
				9E9B34AE2899733900408F05 /* ShareSheet.swift in Sources */,
				9E34DE3D28AEB3F500235442 /* VendorListView.swift in Sources */,
				9E8E1F312894232300300E14 /* ExpensesView.swift in Sources */,
				9E58254C28A5EEE800C80A73 /* ExpensesViewModel.swift in Sources */,
				9E34DE3928AEADF500235442 /* UIApplication+Ext.swift in Sources */,
				9E57068928D16D1000A3AD57 /* AnyTransition+Ext.swift in Sources */,
				9E5824F328A191E000C80A73 /* Category.swift in Sources */,
				9E187D3D2893010900142000 /* ExpenseContainer.xcdatamodeld in Sources */,
				9EC58E4828C0332D003D1588 /* NewCategorySheet.swift in Sources */,
				9E2129FC28C7BA2400D50C38 /* DetailExpenseViewModel.swift in Sources */,
				9E34DE3F28AEBE1C00235442 /* ItemList.swift in Sources */,
				9E7F71DC28BFDCE900B0B5E0 /* ExpenseEntity+CoreDataClass.swift in Sources */,
				9E5824F728A1A6EE00C80A73 /* ReportsViewModel.swift in Sources */,
				9E01C2BC2896DC2E00337A37 /* ScannedImageView.swift in Sources */,
				9E8E1F262893762E00300E14 /* RecentExpenseCardView.swift in Sources */,
				9E8E1F362894233B00300E14 /* SettingsView.swift in Sources */,
				9E3D6E0728956D58008DB55D /* DetailExpenseView.swift in Sources */,
				9EBD37542895A09200BABDFA /* MonthlyTotalView.swift in Sources */,
				9E187D4328936A0E00142000 /* AddExpenseView.swift in Sources */,
				9E187D4528936D8600142000 /* DocumentScanner.swift in Sources */,
				9EF7456828B6F10C0058F681 /* CustomModifiers.swift in Sources */,
				9E2129F828C7B21400D50C38 /* AddExpenseViewModel.swift in Sources */,
				9E2129F628C672BD00D50C38 /* CategoriesViewModel.swift in Sources */,
				9E187D3F2893055000142000 /* View+Extensions.swift in Sources */,
				9E2129FE28C7C0C800D50C38 /* NewVendorSheet.swift in Sources */,
				9EF7E25928D3FEB700B291CF /* MonthSelectorView.swift in Sources */,
				9E7F71D828BFDCE900B0B5E0 /* VendorEntity+CoreDataClass.swift in Sources */,
				9E212A0228C8176000D50C38 /* GlobalTools.swift in Sources */,
				9E8E1F2D289380A300300E14 /* HomeView.swift in Sources */,
				9E187D2E2892FF3D00142000 /* ExpenseTrackerApp.swift in Sources */,
				9E212A0028C7C11700D50C38 /* NewVendorSheetViewModel.swift in Sources */,
				9EE1AD1328B4FD4900B494D5 /* Published+Ext.swift in Sources */,
				9EF0BA9728C12D4500FAFBDF /* RecentSymbol.swift in Sources */,
				9E7F71DF28BFE7D900B0B5E0 /* VendorModel.swift in Sources */,
				9ED23ACD289CB99B00CAAB70 /* GenerateReportsView.swift in Sources */,
				9E1E3D292894687B004FE485 /* Date+Extension.swift in Sources */,
				9EA561D428C10CF6003B1C4B /* CategoryEntity+CoreDataClass.swift in Sources */,
				9E34DE3B28AEB3E500235442 /* CategoryListView.swift in Sources */,
				9E34DE4128AED43400235442 /* OperatorOverload.swift in Sources */,
				9E58254A28A57EAF00C80A73 /* TotalsManager.swift in Sources */,
				9E7F71DD28BFDCE900B0B5E0 /* ExpenseEntity+CoreDataProperties.swift in Sources */,
				9E5DBE0E28B40588007C96D7 /* ExpenseModel.swift in Sources */,
				9EF7458D28B858C70058F681 /* TabViewScreen.swift in Sources */,
				9E58254628A5686600C80A73 /* Color+Ext.swift in Sources */,
				9E2129FA28C7B88000D50C38 /* Binding+Ext.swift in Sources */,
			);
			runOnlyForDeploymentPostprocessing = 0;
		};
/* End PBXSourcesBuildPhase section */

/* Begin XCBuildConfiguration section */
		9E187D362892FF3E00142000 /* Debug */ = {
			isa = XCBuildConfiguration;
			buildSettings = {
				ALWAYS_SEARCH_USER_PATHS = NO;
				CLANG_ANALYZER_NONNULL = YES;
				CLANG_ANALYZER_NUMBER_OBJECT_CONVERSION = YES_AGGRESSIVE;
				CLANG_CXX_LANGUAGE_STANDARD = "gnu++17";
				CLANG_ENABLE_MODULES = YES;
				CLANG_ENABLE_OBJC_ARC = YES;
				CLANG_ENABLE_OBJC_WEAK = YES;
				CLANG_WARN_BLOCK_CAPTURE_AUTORELEASING = YES;
				CLANG_WARN_BOOL_CONVERSION = YES;
				CLANG_WARN_COMMA = YES;
				CLANG_WARN_CONSTANT_CONVERSION = YES;
				CLANG_WARN_DEPRECATED_OBJC_IMPLEMENTATIONS = YES;
				CLANG_WARN_DIRECT_OBJC_ISA_USAGE = YES_ERROR;
				CLANG_WARN_DOCUMENTATION_COMMENTS = YES;
				CLANG_WARN_EMPTY_BODY = YES;
				CLANG_WARN_ENUM_CONVERSION = YES;
				CLANG_WARN_INFINITE_RECURSION = YES;
				CLANG_WARN_INT_CONVERSION = YES;
				CLANG_WARN_NON_LITERAL_NULL_CONVERSION = YES;
				CLANG_WARN_OBJC_IMPLICIT_RETAIN_SELF = YES;
				CLANG_WARN_OBJC_LITERAL_CONVERSION = YES;
				CLANG_WARN_OBJC_ROOT_CLASS = YES_ERROR;
				CLANG_WARN_QUOTED_INCLUDE_IN_FRAMEWORK_HEADER = YES;
				CLANG_WARN_RANGE_LOOP_ANALYSIS = YES;
				CLANG_WARN_STRICT_PROTOTYPES = YES;
				CLANG_WARN_SUSPICIOUS_MOVE = YES;
				CLANG_WARN_UNGUARDED_AVAILABILITY = YES_AGGRESSIVE;
				CLANG_WARN_UNREACHABLE_CODE = YES;
				CLANG_WARN__DUPLICATE_METHOD_MATCH = YES;
				COPY_PHASE_STRIP = NO;
				DEBUG_INFORMATION_FORMAT = "dwarf-with-dsym";
				ENABLE_STRICT_OBJC_MSGSEND = YES;
				ENABLE_TESTABILITY = YES;
				GCC_C_LANGUAGE_STANDARD = gnu11;
				GCC_DYNAMIC_NO_PIC = NO;
				GCC_NO_COMMON_BLOCKS = YES;
				GCC_OPTIMIZATION_LEVEL = 0;
				GCC_PREPROCESSOR_DEFINITIONS = (
					"DEBUG=1",
					"$(inherited)",
				);
				GCC_WARN_64_TO_32_BIT_CONVERSION = YES;
				GCC_WARN_ABOUT_RETURN_TYPE = YES_ERROR;
				GCC_WARN_UNDECLARED_SELECTOR = YES;
				GCC_WARN_UNINITIALIZED_AUTOS = YES_AGGRESSIVE;
				GCC_WARN_UNUSED_FUNCTION = YES;
				GCC_WARN_UNUSED_VARIABLE = YES;
				IPHONEOS_DEPLOYMENT_TARGET = 15.5;
				MTL_ENABLE_DEBUG_INFO = INCLUDE_SOURCE;
				MTL_FAST_MATH = YES;
				ONLY_ACTIVE_ARCH = YES;
				SDKROOT = iphoneos;
				SWIFT_ACTIVE_COMPILATION_CONDITIONS = DEBUG;
				SWIFT_OPTIMIZATION_LEVEL = "-Onone";
			};
			name = Debug;
		};
		9E187D372892FF3E00142000 /* Release */ = {
			isa = XCBuildConfiguration;
			buildSettings = {
				ALWAYS_SEARCH_USER_PATHS = NO;
				CLANG_ANALYZER_NONNULL = YES;
				CLANG_ANALYZER_NUMBER_OBJECT_CONVERSION = YES_AGGRESSIVE;
				CLANG_CXX_LANGUAGE_STANDARD = "gnu++17";
				CLANG_ENABLE_MODULES = YES;
				CLANG_ENABLE_OBJC_ARC = YES;
				CLANG_ENABLE_OBJC_WEAK = YES;
				CLANG_WARN_BLOCK_CAPTURE_AUTORELEASING = YES;
				CLANG_WARN_BOOL_CONVERSION = YES;
				CLANG_WARN_COMMA = YES;
				CLANG_WARN_CONSTANT_CONVERSION = YES;
				CLANG_WARN_DEPRECATED_OBJC_IMPLEMENTATIONS = YES;
				CLANG_WARN_DIRECT_OBJC_ISA_USAGE = YES_ERROR;
				CLANG_WARN_DOCUMENTATION_COMMENTS = YES;
				CLANG_WARN_EMPTY_BODY = YES;
				CLANG_WARN_ENUM_CONVERSION = YES;
				CLANG_WARN_INFINITE_RECURSION = YES;
				CLANG_WARN_INT_CONVERSION = YES;
				CLANG_WARN_NON_LITERAL_NULL_CONVERSION = YES;
				CLANG_WARN_OBJC_IMPLICIT_RETAIN_SELF = YES;
				CLANG_WARN_OBJC_LITERAL_CONVERSION = YES;
				CLANG_WARN_OBJC_ROOT_CLASS = YES_ERROR;
				CLANG_WARN_QUOTED_INCLUDE_IN_FRAMEWORK_HEADER = YES;
				CLANG_WARN_RANGE_LOOP_ANALYSIS = YES;
				CLANG_WARN_STRICT_PROTOTYPES = YES;
				CLANG_WARN_SUSPICIOUS_MOVE = YES;
				CLANG_WARN_UNGUARDED_AVAILABILITY = YES_AGGRESSIVE;
				CLANG_WARN_UNREACHABLE_CODE = YES;
				CLANG_WARN__DUPLICATE_METHOD_MATCH = YES;
				COPY_PHASE_STRIP = NO;
				DEBUG_INFORMATION_FORMAT = "dwarf-with-dsym";
				ENABLE_NS_ASSERTIONS = NO;
				ENABLE_STRICT_OBJC_MSGSEND = YES;
				GCC_C_LANGUAGE_STANDARD = gnu11;
				GCC_NO_COMMON_BLOCKS = YES;
				GCC_WARN_64_TO_32_BIT_CONVERSION = YES;
				GCC_WARN_ABOUT_RETURN_TYPE = YES_ERROR;
				GCC_WARN_UNDECLARED_SELECTOR = YES;
				GCC_WARN_UNINITIALIZED_AUTOS = YES_AGGRESSIVE;
				GCC_WARN_UNUSED_FUNCTION = YES;
				GCC_WARN_UNUSED_VARIABLE = YES;
				IPHONEOS_DEPLOYMENT_TARGET = 15.5;
				MTL_ENABLE_DEBUG_INFO = NO;
				MTL_FAST_MATH = YES;
				SDKROOT = iphoneos;
				SWIFT_COMPILATION_MODE = wholemodule;
				SWIFT_OPTIMIZATION_LEVEL = "-O";
				VALIDATE_PRODUCT = YES;
			};
			name = Release;
		};
		9E187D392892FF3E00142000 /* Debug */ = {
			isa = XCBuildConfiguration;
			baseConfigurationReference = 80E65B3880AE0697C89A67C5 /* Pods-ExpenseTracker.debug.xcconfig */;
			buildSettings = {
				ASSETCATALOG_COMPILER_APPICON_NAME = AppIcon;
				ASSETCATALOG_COMPILER_GLOBAL_ACCENT_COLOR_NAME = AccentColor;
				CODE_SIGN_ENTITLEMENTS = ExpenseTracker/ExpenseTracker.entitlements;
				CODE_SIGN_STYLE = Automatic;
				CURRENT_PROJECT_VERSION = 1;
				DEVELOPMENT_ASSET_PATHS = "\"ExpenseTracker/Preview Content\"";
				DEVELOPMENT_TEAM = WW6MQ8PF85;
				ENABLE_PREVIEWS = YES;
				GENERATE_INFOPLIST_FILE = YES;
				INFOPLIST_FILE = ExpenseTracker/Info.plist;
				INFOPLIST_KEY_NSCameraUsageDescription = "We need access to your camera";
				INFOPLIST_KEY_NSPhotoLibraryAddUsageDescription = "We need access to your library to save photos.";
				INFOPLIST_KEY_UIApplicationSceneManifest_Generation = YES;
				INFOPLIST_KEY_UIApplicationSupportsIndirectInputEvents = YES;
				INFOPLIST_KEY_UILaunchScreen_Generation = YES;
				INFOPLIST_KEY_UISupportedInterfaceOrientations_iPad = "UIInterfaceOrientationPortrait UIInterfaceOrientationPortraitUpsideDown UIInterfaceOrientationLandscapeLeft UIInterfaceOrientationLandscapeRight";
				INFOPLIST_KEY_UISupportedInterfaceOrientations_iPhone = "UIInterfaceOrientationPortrait UIInterfaceOrientationLandscapeLeft UIInterfaceOrientationLandscapeRight";
				LD_RUNPATH_SEARCH_PATHS = (
					"$(inherited)",
					"@executable_path/Frameworks",
				);
				MARKETING_VERSION = 1.0;
				PRODUCT_BUNDLE_IDENTIFIER = com.christopherkoski.ExpenseTracker;
				PRODUCT_NAME = "$(TARGET_NAME)";
				SWIFT_EMIT_LOC_STRINGS = YES;
				SWIFT_VERSION = 5.0;
				TARGETED_DEVICE_FAMILY = 1;
			};
			name = Debug;
		};
		9E187D3A2892FF3E00142000 /* Release */ = {
			isa = XCBuildConfiguration;
			baseConfigurationReference = D563CD5D6A1F16FFFD396D2F /* Pods-ExpenseTracker.release.xcconfig */;
			buildSettings = {
				ASSETCATALOG_COMPILER_APPICON_NAME = AppIcon;
				ASSETCATALOG_COMPILER_GLOBAL_ACCENT_COLOR_NAME = AccentColor;
				CODE_SIGN_ENTITLEMENTS = ExpenseTracker/ExpenseTracker.entitlements;
				CODE_SIGN_STYLE = Automatic;
				CURRENT_PROJECT_VERSION = 1;
				DEVELOPMENT_ASSET_PATHS = "\"ExpenseTracker/Preview Content\"";
				DEVELOPMENT_TEAM = WW6MQ8PF85;
				ENABLE_PREVIEWS = YES;
				GENERATE_INFOPLIST_FILE = YES;
				INFOPLIST_FILE = ExpenseTracker/Info.plist;
				INFOPLIST_KEY_NSCameraUsageDescription = "We need access to your camera";
				INFOPLIST_KEY_NSPhotoLibraryAddUsageDescription = "We need access to your library to save photos.";
				INFOPLIST_KEY_UIApplicationSceneManifest_Generation = YES;
				INFOPLIST_KEY_UIApplicationSupportsIndirectInputEvents = YES;
				INFOPLIST_KEY_UILaunchScreen_Generation = YES;
				INFOPLIST_KEY_UISupportedInterfaceOrientations_iPad = "UIInterfaceOrientationPortrait UIInterfaceOrientationPortraitUpsideDown UIInterfaceOrientationLandscapeLeft UIInterfaceOrientationLandscapeRight";
				INFOPLIST_KEY_UISupportedInterfaceOrientations_iPhone = "UIInterfaceOrientationPortrait UIInterfaceOrientationLandscapeLeft UIInterfaceOrientationLandscapeRight";
				LD_RUNPATH_SEARCH_PATHS = (
					"$(inherited)",
					"@executable_path/Frameworks",
				);
				MARKETING_VERSION = 1.0;
				PRODUCT_BUNDLE_IDENTIFIER = com.christopherkoski.ExpenseTracker;
				PRODUCT_NAME = "$(TARGET_NAME)";
				SWIFT_EMIT_LOC_STRINGS = YES;
				SWIFT_VERSION = 5.0;
				TARGETED_DEVICE_FAMILY = 1;
			};
			name = Release;
		};
/* End XCBuildConfiguration section */

/* Begin XCConfigurationList section */
		9E187D252892FF3D00142000 /* Build configuration list for PBXProject "ExpenseTracker" */ = {
			isa = XCConfigurationList;
			buildConfigurations = (
				9E187D362892FF3E00142000 /* Debug */,
				9E187D372892FF3E00142000 /* Release */,
			);
			defaultConfigurationIsVisible = 0;
			defaultConfigurationName = Release;
		};
		9E187D382892FF3E00142000 /* Build configuration list for PBXNativeTarget "ExpenseTracker" */ = {
			isa = XCConfigurationList;
			buildConfigurations = (
				9E187D392892FF3E00142000 /* Debug */,
				9E187D3A2892FF3E00142000 /* Release */,
			);
			defaultConfigurationIsVisible = 0;
			defaultConfigurationName = Release;
		};
/* End XCConfigurationList section */

/* Begin XCVersionGroup section */
		9E187D3B2893010900142000 /* ExpenseContainer.xcdatamodeld */ = {
			isa = XCVersionGroup;
			children = (
				9E187D3C2893010900142000 /* ExpenseContainer.xcdatamodel */,
			);
			currentVersion = 9E187D3C2893010900142000 /* ExpenseContainer.xcdatamodel */;
			path = ExpenseContainer.xcdatamodeld;
			sourceTree = "<group>";
			versionGroupType = wrapper.xcdatamodel;
		};
/* End XCVersionGroup section */
	};
	rootObject = 9E187D222892FF3D00142000 /* Project object */;
}
